
Microsoft Visual Studio Solution File, Format Version 12.00
# Visual Studio Version 16
VisualStudioVersion = 16.0.29201.188
MinimumVisualStudioVersion = 10.0.40219.1
Project("{FAE04EC0-301F-11D3-BF4B-00C04F79EFBC}") = "Project1", "Project1\Project1.csproj", "{22922574-D2DE-42E4-B777-97FB7A0ED8F6}"
EndProject
Project("{FAE04EC0-301F-11D3-BF4B-00C04F79EFBC}") = "Project1.Test", "Project1.Test\Project1.Test.csproj", "{A18327B1-17AA-4825-8611-DDCED233E51B}"
EndProject
Global
	GlobalSection(SolutionConfigurationPlatforms) = preSolution
		Debug|Any CPU = Debug|Any CPU
		Release|Any CPU = Release|Any CPU
	EndGlobalSection
	GlobalSection(ProjectConfigurationPlatforms) = postSolution
		{22922574-D2DE-42E4-B777-97FB7A0ED8F6}.Debug|Any CPU.ActiveCfg = Debug|Any CPU
		{22922574-D2DE-42E4-B777-97FB7A0ED8F6}.Debug|Any CPU.Build.0 = Debug|Any CPU
		{22922574-D2DE-42E4-B777-97FB7A0ED8F6}.Release|Any CPU.ActiveCfg = Release|Any CPU
		{22922574-D2DE-42E4-B777-97FB7A0ED8F6}.Release|Any CPU.Build.0 = Release|Any CPU
		{A18327B1-17AA-4825-8611-DDCED233E51B}.Debug|Any CPU.ActiveCfg = Debug|Any CPU
		{A18327B1-17AA-4825-8611-DDCED233E51B}.Debug|Any CPU.Build.0 = Debug|Any CPU
		{A18327B1-17AA-4825-8611-DDCED233E51B}.Release|Any CPU.ActiveCfg = Release|Any CPU
		{A18327B1-17AA-4825-8611-DDCED233E51B}.Release|Any CPU.Build.0 = Release|Any CPU
	EndGlobalSection
	GlobalSection(SolutionProperties) = preSolution
		HideSolutionNode = FALSE
	EndGlobalSection
	GlobalSection(ExtensibilityGlobals) = postSolution
		SolutionGuid = {A96B3296-4811-48D5-98A4-0DF3FAFF2FD3}
	EndGlobalSection
EndGlobal
